
Microsoft Visual Studio Solution File, Format Version 12.00
# Visual Studio Version 17
VisualStudioVersion = 17.7.34221.43
MinimumVisualStudioVersion = 10.0.40219.1
Project("{FAE04EC0-301F-11D3-BF4B-00C04F79EFBC}") = "Action_to_View_prac", "Action_to_View_prac\Action_to_View_prac.csproj", "{3622FF43-DD57-4166-9217-3DAD0BC2393B}"
EndProject
Global
	GlobalSection(SolutionConfigurationPlatforms) = preSolution
		Debug|Any CPU = Debug|Any CPU
		Release|Any CPU = Release|Any CPU
	EndGlobalSection
	GlobalSection(ProjectConfigurationPlatforms) = postSolution
		{3622FF43-DD57-4166-9217-3DAD0BC2393B}.Debug|Any CPU.ActiveCfg = Debug|Any CPU
		{3622FF43-DD57-4166-9217-3DAD0BC2393B}.Debug|Any CPU.Build.0 = Debug|Any CPU
		{3622FF43-DD57-4166-9217-3DAD0BC2393B}.Release|Any CPU.ActiveCfg = Release|Any CPU
		{3622FF43-DD57-4166-9217-3DAD0BC2393B}.Release|Any CPU.Build.0 = Release|Any CPU
	EndGlobalSection
	GlobalSection(SolutionProperties) = preSolution
		HideSolutionNode = FALSE
	EndGlobalSection
	GlobalSection(ExtensibilityGlobals) = postSolution
		SolutionGuid = {32FE9ACB-B7AE-48C3-B4A6-31679D7C22E4}
	EndGlobalSection
EndGlobal
